
Microsoft Visual Studio Solution File, Format Version 12.00
# Visual Studio 15
VisualStudioVersion = 15.0.28010.2050
MinimumVisualStudioVersion = 10.0.40219.1
Project("{FAE04EC0-301F-11D3-BF4B-00C04F79EFBC}") = "ManagedExtensions.Core", "ManagedExtensions.Core\ManagedExtensions.Core.csproj", "{58B056D0-C512-4013-A3B0-B26917735F86}"
EndProject
Project("{FAE04EC0-301F-11D3-BF4B-00C04F79EFBC}") = "ManagedExtensions.CommonCommands", "ManagedExtensions.CommonCommands\ManagedExtensions.CommonCommands.csproj", "{BEFA3298-69E5-4AC6-B83C-F8A8CCEEC9E3}"
EndProject
Project("{FAE04EC0-301F-11D3-BF4B-00C04F79EFBC}") = "DllExport", "DllExport\DllExport.csproj", "{CC995479-C784-42D7-961A-7620A4692A55}"
EndProject
Project("{FAE04EC0-301F-11D3-BF4B-00C04F79EFBC}") = "ManagedExtensions.Starter", "ManagedExtensions.Starter\ManagedExtensions.Starter.csproj", "{9679112A-2EE7-4D5D-8DF1-788800C87703}"
EndProject
Project("{FAE04EC0-301F-11D3-BF4B-00C04F79EFBC}") = "SampleExtension", "SampleExtension\SampleExtension.csproj", "{D96A6D5D-B95F-40CE-A55A-80458C61D4CD}"
EndProject
Global
	GlobalSection(SolutionConfigurationPlatforms) = preSolution
		Debug|Any CPU = Debug|Any CPU
		Debug|x86 = Debug|x86
		Release|Any CPU = Release|Any CPU
		Release|x86 = Release|x86
	EndGlobalSection
	GlobalSection(ProjectConfigurationPlatforms) = postSolution
		{58B056D0-C512-4013-A3B0-B26917735F86}.Debug|Any CPU.ActiveCfg = Debug|Any CPU
		{58B056D0-C512-4013-A3B0-B26917735F86}.Debug|Any CPU.Build.0 = Debug|Any CPU
		{58B056D0-C512-4013-A3B0-B26917735F86}.Debug|x86.ActiveCfg = Debug|x86
		{58B056D0-C512-4013-A3B0-B26917735F86}.Debug|x86.Build.0 = Debug|x86
		{58B056D0-C512-4013-A3B0-B26917735F86}.Release|Any CPU.ActiveCfg = Release|Any CPU
		{58B056D0-C512-4013-A3B0-B26917735F86}.Release|Any CPU.Build.0 = Release|Any CPU
		{58B056D0-C512-4013-A3B0-B26917735F86}.Release|x86.ActiveCfg = Release|x86
		{58B056D0-C512-4013-A3B0-B26917735F86}.Release|x86.Build.0 = Release|x86
		{BEFA3298-69E5-4AC6-B83C-F8A8CCEEC9E3}.Debug|Any CPU.ActiveCfg = Debug|Any CPU
		{BEFA3298-69E5-4AC6-B83C-F8A8CCEEC9E3}.Debug|Any CPU.Build.0 = Debug|Any CPU
		{BEFA3298-69E5-4AC6-B83C-F8A8CCEEC9E3}.Debug|x86.ActiveCfg = Debug|x86
		{BEFA3298-69E5-4AC6-B83C-F8A8CCEEC9E3}.Debug|x86.Build.0 = Debug|x86
		{BEFA3298-69E5-4AC6-B83C-F8A8CCEEC9E3}.Release|Any CPU.ActiveCfg = Release|Any CPU
		{BEFA3298-69E5-4AC6-B83C-F8A8CCEEC9E3}.Release|Any CPU.Build.0 = Release|Any CPU
		{BEFA3298-69E5-4AC6-B83C-F8A8CCEEC9E3}.Release|x86.ActiveCfg = Release|x86
		{BEFA3298-69E5-4AC6-B83C-F8A8CCEEC9E3}.Release|x86.Build.0 = Release|x86
		{CC995479-C784-42D7-961A-7620A4692A55}.Debug|Any CPU.ActiveCfg = Debug|Any CPU
		{CC995479-C784-42D7-961A-7620A4692A55}.Debug|Any CPU.Build.0 = Debug|Any CPU
		{CC995479-C784-42D7-961A-7620A4692A55}.Debug|x86.ActiveCfg = Debug|x86
		{CC995479-C784-42D7-961A-7620A4692A55}.Debug|x86.Build.0 = Debug|x86
		{CC995479-C784-42D7-961A-7620A4692A55}.Release|Any CPU.ActiveCfg = Release|Any CPU
		{CC995479-C784-42D7-961A-7620A4692A55}.Release|Any CPU.Build.0 = Release|Any CPU
		{CC995479-C784-42D7-961A-7620A4692A55}.Release|x86.ActiveCfg = Release|x86
		{CC995479-C784-42D7-961A-7620A4692A55}.Release|x86.Build.0 = Release|x86
		{9679112A-2EE7-4D5D-8DF1-788800C87703}.Debug|Any CPU.ActiveCfg = Debug|Any CPU
		{9679112A-2EE7-4D5D-8DF1-788800C87703}.Debug|Any CPU.Build.0 = Debug|Any CPU
		{9679112A-2EE7-4D5D-8DF1-788800C87703}.Debug|x86.ActiveCfg = Debug|x86
		{9679112A-2EE7-4D5D-8DF1-788800C87703}.Debug|x86.Build.0 = Debug|x86
		{9679112A-2EE7-4D5D-8DF1-788800C87703}.Release|Any CPU.ActiveCfg = Release|Any CPU
		{9679112A-2EE7-4D5D-8DF1-788800C87703}.Release|Any CPU.Build.0 = Release|Any CPU
		{9679112A-2EE7-4D5D-8DF1-788800C87703}.Release|x86.ActiveCfg = Release|x86
		{9679112A-2EE7-4D5D-8DF1-788800C87703}.Release|x86.Build.0 = Release|x86
		{D96A6D5D-B95F-40CE-A55A-80458C61D4CD}.Debug|Any CPU.ActiveCfg = Debug|Any CPU
		{D96A6D5D-B95F-40CE-A55A-80458C61D4CD}.Debug|Any CPU.Build.0 = Debug|Any CPU
		{D96A6D5D-B95F-40CE-A55A-80458C61D4CD}.Debug|x86.ActiveCfg = Debug|x86
		{D96A6D5D-B95F-40CE-A55A-80458C61D4CD}.Debug|x86.Build.0 = Debug|x86
		{D96A6D5D-B95F-40CE-A55A-80458C61D4CD}.Release|Any CPU.ActiveCfg = Release|Any CPU
		{D96A6D5D-B95F-40CE-A55A-80458C61D4CD}.Release|Any CPU.Build.0 = Release|Any CPU
		{D96A6D5D-B95F-40CE-A55A-80458C61D4CD}.Release|x86.ActiveCfg = Release|x86
		{D96A6D5D-B95F-40CE-A55A-80458C61D4CD}.Release|x86.Build.0 = Release|x86
	EndGlobalSection
	GlobalSection(SolutionProperties) = preSolution
		HideSolutionNode = FALSE
	EndGlobalSection
	GlobalSection(ExtensibilityGlobals) = postSolution
		SolutionGuid = {9F03A10C-9BA3-42B3-AB35-3A2F35754423}
	EndGlobalSection
EndGlobal
